Microsoft Visual Studio Solution File, Format Version 12.00
# Visual Studio 15
VisualStudioVersion = 15.0.27130.2036
MinimumVisualStudioVersion = 10.0.40219.1
Project("{9A19103F-16F7-4668-BE54-9A1E7A4F7556}") = "REALWorks.AuthServer", "REALWoeks.AuthServer\REALWorks.AuthServer.csproj", "{7690F51B-916B-4E85-9A37-5FD9ECE8892F}"
EndProject
Project("{2150E333-8FDC-42A3-9474-1A3956D46DE8}") = "REALWorks.Asset", "REALWorks.Asset", "{6B5E5E6E-5D1E-45B4-819F-DFFE90FD3916}"
EndProject
Project("{9A19103F-16F7-4668-BE54-9A1E7A4F7556}") = "REALWorks.Libs", "REALWorks.Libs\REALWorks.Libs.csproj", "{8E0CCD6A-56E9-4E2E-A34B-FBD74157554C}"
EndProject
Project("{9A19103F-16F7-4668-BE54-9A1E7A4F7556}") = "REALWorks.AssetServer", "REALWorks.AssetServer\REALWorks.AssetServer.csproj", "{F480A0BF-8210-4211-B5D7-76CE97534128}"
EndProject
Project("{2150E333-8FDC-42A3-9474-1A3956D46DE8}") = "REALWorls.LeaseManagement", "REALWorls.LeaseManagement", "{54161048-7E1F-4169-91B8-FC7878207AA9}"
EndProject
Project("{2150E333-8FDC-42A3-9474-1A3956D46DE8}") = "REALWorls.AssetManagement", "REALWorls.AssetManagement", "{4CD78CCB-566C-406E-AD5B-62E8A9F50334}"
EndProject
Project("{9A19103F-16F7-4668-BE54-9A1E7A4F7556}") = "REALWorks.LeaseServer", "REALWorks.LeaseServer\REALWorks.LeaseServer.csproj", "{378F7819-07C7-40EC-8A52-44A1799EAB14}"
EndProject
Project("{2150E333-8FDC-42A3-9474-1A3956D46DE8}") = "REALWorks.Infrastructure", "REALWorks.Infrastructure", "{1A851DB6-5360-463F-809D-F6ADF22FA3C3}"
EndProject
Project("{9A19103F-16F7-4668-BE54-9A1E7A4F7556}") = "REALWorks.InfrastructureServer", "REALWorks.InfrastructureServer\REALWorks.InfrastructureServer.csproj", "{E8E50800-7CF4-4569-B8C1-529F6999740A}"
EndProject
Project("{9A19103F-16F7-4668-BE54-9A1E7A4F7556}") = "REALWorks.AssetCore", "REALWorks.AssetCore\REALWorks.AssetCore.csproj", "{EFABE1A6-68E7-4D77-876A-084717E434A9}"
EndProject
Project("{9A19103F-16F7-4668-BE54-9A1E7A4F7556}") = "REALWorks.AssetData", "REALWorks.AssetData\REALWorks.AssetData.csproj", "{4782CF8E-681A-4A7A-AC10-15D09D9A72D3}"
EndProject
Global
	GlobalSection(SolutionConfigurationPlatforms) = preSolution
		Debug|Any CPU = Debug|Any CPU
		Release|Any CPU = Release|Any CPU
	EndGlobalSection
	GlobalSection(ProjectConfigurationPlatforms) = postSolution
		{7690F51B-916B-4E85-9A37-5FD9ECE8892F}.Debug|Any CPU.ActiveCfg = Debug|Any CPU
		{7690F51B-916B-4E85-9A37-5FD9ECE8892F}.Debug|Any CPU.Build.0 = Debug|Any CPU
		{7690F51B-916B-4E85-9A37-5FD9ECE8892F}.Release|Any CPU.ActiveCfg = Release|Any CPU
		{7690F51B-916B-4E85-9A37-5FD9ECE8892F}.Release|Any CPU.Build.0 = Release|Any CPU
		{8E0CCD6A-56E9-4E2E-A34B-FBD74157554C}.Debug|Any CPU.ActiveCfg = Debug|Any CPU
		{8E0CCD6A-56E9-4E2E-A34B-FBD74157554C}.Debug|Any CPU.Build.0 = Debug|Any CPU
		{8E0CCD6A-56E9-4E2E-A34B-FBD74157554C}.Release|Any CPU.ActiveCfg = Release|Any CPU
		{8E0CCD6A-56E9-4E2E-A34B-FBD74157554C}.Release|Any CPU.Build.0 = Release|Any CPU
		{F480A0BF-8210-4211-B5D7-76CE97534128}.Debug|Any CPU.ActiveCfg = Debug|Any CPU
		{F480A0BF-8210-4211-B5D7-76CE97534128}.Debug|Any CPU.Build.0 = Debug|Any CPU
		{F480A0BF-8210-4211-B5D7-76CE97534128}.Release|Any CPU.ActiveCfg = Release|Any CPU
		{F480A0BF-8210-4211-B5D7-76CE97534128}.Release|Any CPU.Build.0 = Release|Any CPU
		{378F7819-07C7-40EC-8A52-44A1799EAB14}.Debug|Any CPU.ActiveCfg = Debug|Any CPU
		{378F7819-07C7-40EC-8A52-44A1799EAB14}.Debug|Any CPU.Build.0 = Debug|Any CPU
		{378F7819-07C7-40EC-8A52-44A1799EAB14}.Release|Any CPU.ActiveCfg = Release|Any CPU
		{378F7819-07C7-40EC-8A52-44A1799EAB14}.Release|Any CPU.Build.0 = Release|Any CPU
		{E8E50800-7CF4-4569-B8C1-529F6999740A}.Debug|Any CPU.ActiveCfg = Debug|Any CPU
		{E8E50800-7CF4-4569-B8C1-529F6999740A}.Debug|Any CPU.Build.0 = Debug|Any CPU
		{E8E50800-7CF4-4569-B8C1-529F6999740A}.Release|Any CPU.ActiveCfg = Release|Any CPU
		{E8E50800-7CF4-4569-B8C1-529F6999740A}.Release|Any CPU.Build.0 = Release|Any CPU
		{EFABE1A6-68E7-4D77-876A-084717E434A9}.Debug|Any CPU.ActiveCfg = Debug|Any CPU
		{EFABE1A6-68E7-4D77-876A-084717E434A9}.Debug|Any CPU.Build.0 = Debug|Any CPU
		{EFABE1A6-68E7-4D77-876A-084717E434A9}.Release|Any CPU.ActiveCfg = Release|Any CPU
		{EFABE1A6-68E7-4D77-876A-084717E434A9}.Release|Any CPU.Build.0 = Release|Any CPU
		{4782CF8E-681A-4A7A-AC10-15D09D9A72D3}.Debug|Any CPU.ActiveCfg = Debug|Any CPU
		{4782CF8E-681A-4A7A-AC10-15D09D9A72D3}.Debug|Any CPU.Build.0 = Debug|Any CPU
		{4782CF8E-681A-4A7A-AC10-15D09D9A72D3}.Release|Any CPU.ActiveCfg = Release|Any CPU
		{4782CF8E-681A-4A7A-AC10-15D09D9A72D3}.Release|Any CPU.Build.0 = Release|Any CPU
	EndGlobalSection
	GlobalSection(SolutionProperties) = preSolution
		HideSolutionNode = FALSE
	EndGlobalSection
	GlobalSection(NestedProjects) = preSolution
		{F480A0BF-8210-4211-B5D7-76CE97534128} = {4CD78CCB-566C-406E-AD5B-62E8A9F50334}
		{378F7819-07C7-40EC-8A52-44A1799EAB14} = {54161048-7E1F-4169-91B8-FC7878207AA9}
		{E8E50800-7CF4-4569-B8C1-529F6999740A} = {1A851DB6-5360-463F-809D-F6ADF22FA3C3}
		{EFABE1A6-68E7-4D77-876A-084717E434A9} = {4CD78CCB-566C-406E-AD5B-62E8A9F50334}
		{4782CF8E-681A-4A7A-AC10-15D09D9A72D3} = {4CD78CCB-566C-406E-AD5B-62E8A9F50334}
	EndGlobalSection
	GlobalSection(ExtensibilityGlobals) = postSolution
		SolutionGuid = {88B7F9AF-B09B-4DDE-813D-35EF9707B15F}
	EndGlobalSection
EndGlobal
