Microsoft Visual Studio Solution File, Format Version 12.00
# Visual Studio 15
VisualStudioVersion = 15.0.27130.2036
MinimumVisualStudioVersion = 10.0.40219.1
Project("{9A19103F-16F7-4668-BE54-9A1E7A4F7556}") = "REALWorks.AuthServer", "REALWoeks.AuthServer\REALWorks.AuthServer.csproj", "{7690F51B-916B-4E85-9A37-5FD9ECE8892F}"
EndProject
Project("{2150E333-8FDC-42A3-9474-1A3956D46DE8}") = "REALWorks.Asset", "REALWorks.Asset", "{6B5E5E6E-5D1E-45B4-819F-DFFE90FD3916}"
EndProject
Project("{9A19103F-16F7-4668-BE54-9A1E7A4F7556}") = "REALWorks.Asset.Api", "REALWorks.Asset.Api\REALWorks.Asset.Api.csproj", "{D5366B43-ED39-4D6F-A069-890E08CA01F0}"
EndProject
Project("{9A19103F-16F7-4668-BE54-9A1E7A4F7556}") = "REALWorks.Libs", "REALWorks.Libs\REALWorks.Libs.csproj", "{8E0CCD6A-56E9-4E2E-A34B-FBD74157554C}"
EndProject
Global
	GlobalSection(SolutionConfigurationPlatforms) = preSolution
		Debug|Any CPU = Debug|Any CPU
		Release|Any CPU = Release|Any CPU
	EndGlobalSection
	GlobalSection(ProjectConfigurationPlatforms) = postSolution
		{7690F51B-916B-4E85-9A37-5FD9ECE8892F}.Debug|Any CPU.ActiveCfg = Debug|Any CPU
		{7690F51B-916B-4E85-9A37-5FD9ECE8892F}.Debug|Any CPU.Build.0 = Debug|Any CPU
		{7690F51B-916B-4E85-9A37-5FD9ECE8892F}.Release|Any CPU.ActiveCfg = Release|Any CPU
		{7690F51B-916B-4E85-9A37-5FD9ECE8892F}.Release|Any CPU.Build.0 = Release|Any CPU
		{D5366B43-ED39-4D6F-A069-890E08CA01F0}.Debug|Any CPU.ActiveCfg = Debug|Any CPU
		{D5366B43-ED39-4D6F-A069-890E08CA01F0}.Debug|Any CPU.Build.0 = Debug|Any CPU
		{D5366B43-ED39-4D6F-A069-890E08CA01F0}.Release|Any CPU.ActiveCfg = Release|Any CPU
		{D5366B43-ED39-4D6F-A069-890E08CA01F0}.Release|Any CPU.Build.0 = Release|Any CPU
		{8E0CCD6A-56E9-4E2E-A34B-FBD74157554C}.Debug|Any CPU.ActiveCfg = Debug|Any CPU
		{8E0CCD6A-56E9-4E2E-A34B-FBD74157554C}.Debug|Any CPU.Build.0 = Debug|Any CPU
		{8E0CCD6A-56E9-4E2E-A34B-FBD74157554C}.Release|Any CPU.ActiveCfg = Release|Any CPU
		{8E0CCD6A-56E9-4E2E-A34B-FBD74157554C}.Release|Any CPU.Build.0 = Release|Any CPU
	EndGlobalSection
	GlobalSection(SolutionProperties) = preSolution
		HideSolutionNode = FALSE
	EndGlobalSection
	GlobalSection(NestedProjects) = preSolution
		{D5366B43-ED39-4D6F-A069-890E08CA01F0} = {6B5E5E6E-5D1E-45B4-819F-DFFE90FD3916}
	EndGlobalSection
	GlobalSection(ExtensibilityGlobals) = postSolution
		SolutionGuid = {88B7F9AF-B09B-4DDE-813D-35EF9707B15F}
	EndGlobalSection
EndGlobal
