Microsoft Visual Studio Solution File, Format Version 12.00
# Visual Studio 15
VisualStudioVersion = 15.0.27130.2036
MinimumVisualStudioVersion = 10.0.40219.1
Project("{9A19103F-16F7-4668-BE54-9A1E7A4F7556}") = "REALWorks.AuthServer", "REALWoeks.AuthServer\REALWorks.AuthServer.csproj", "{7690F51B-916B-4E85-9A37-5FD9ECE8892F}"
EndProject
Project("{9A19103F-16F7-4668-BE54-9A1E7A4F7556}") = "REALWorks.AssetServer", "REALWorks.AssetServer\REALWorks.AssetServer.csproj", "{F480A0BF-8210-4211-B5D7-76CE97534128}"
EndProject
Project("{2150E333-8FDC-42A3-9474-1A3956D46DE8}") = "REALWorls.LeaseManagement", "REALWorls.LeaseManagement", "{54161048-7E1F-4169-91B8-FC7878207AA9}"
EndProject
Project("{2150E333-8FDC-42A3-9474-1A3956D46DE8}") = "REALWorls.AssetManagement", "REALWorls.AssetManagement", "{4CD78CCB-566C-406E-AD5B-62E8A9F50334}"
EndProject
Project("{2150E333-8FDC-42A3-9474-1A3956D46DE8}") = "REALWorks.Infrastructure", "REALWorks.Infrastructure", "{1A851DB6-5360-463F-809D-F6ADF22FA3C3}"
EndProject
Project("{9A19103F-16F7-4668-BE54-9A1E7A4F7556}") = "REALWorks.AssetCore", "REALWorks.AssetCore\REALWorks.AssetCore.csproj", "{EFABE1A6-68E7-4D77-876A-084717E434A9}"
EndProject
Project("{9A19103F-16F7-4668-BE54-9A1E7A4F7556}") = "REALWorks.AssetData", "REALWorks.AssetData\REALWorks.AssetData.csproj", "{4782CF8E-681A-4A7A-AC10-15D09D9A72D3}"
EndProject
Project("{9A19103F-16F7-4668-BE54-9A1E7A4F7556}") = "REALWorks.MessagingServer", "REALWorks.MessagingServer\REALWorks.MessagingServer.csproj", "{85AE3CF3-D6C4-438C-B59A-B36AC3A0105F}"
EndProject
Project("{2150E333-8FDC-42A3-9474-1A3956D46DE8}") = "REALWorks.Marketing", "REALWorks.Marketing", "{2BCAB5F3-E84A-490E-B825-76E8CD6E5E53}"
EndProject
Project("{9A19103F-16F7-4668-BE54-9A1E7A4F7556}") = "REALWorks.MarketingService", "REALWorks.MarketingService\REALWorks.MarketingService.csproj", "{DBA327DC-ECDD-492F-8CEF-480779ACFD3F}"
EndProject
Project("{9A19103F-16F7-4668-BE54-9A1E7A4F7556}") = "REALWorks.MarketingCore", "REALWorks.MarketingCore\REALWorks.MarketingCore.csproj", "{F55A39C0-8E16-487D-9D16-F4B67CAA6443}"
EndProject
Project("{9A19103F-16F7-4668-BE54-9A1E7A4F7556}") = "REALWorks.MarketingData", "REALWorks.MarketingData\REALWorks.MarketingData.csproj", "{74319A38-478E-4968-A21A-637A0740582A}"
EndProject
Project("{9A19103F-16F7-4668-BE54-9A1E7A4F7556}") = "REALWork.LeaseManagementService", "REALWork.LeaseManagementService\REALWork.LeaseManagementService.csproj", "{3B2AE3E2-312A-4927-A052-25AB3B401BD7}"
EndProject
Project("{9A19103F-16F7-4668-BE54-9A1E7A4F7556}") = "REALWork.LeaseManagementCore", "REALWork.LeaseManagementCore\REALWork.LeaseManagementCore.csproj", "{3AE7404B-E7D0-40B5-9C18-54A3D8038CBD}"
EndProject
Project("{9A19103F-16F7-4668-BE54-9A1E7A4F7556}") = "REALWork.LeaseManagementData", "REALWork.LeaseManagementData\REALWork.LeaseManagementData.csproj", "{F7676026-EC48-4FBD-B94C-ADE29792DABC}"
EndProject
Project("{9A19103F-16F7-4668-BE54-9A1E7A4F7556}") = "REALWorks.AdminService", "REALWorks.AdminService\REALWorks.AdminService.csproj", "{F56F9EA7-7259-45E8-8B5D-14EBC27994F7}"
EndProject
Project("{9A19103F-16F7-4668-BE54-9A1E7A4F7556}") = "REALWorks.APIGateway", "REALWorks.APIGateway\REALWorks.APIGateway.csproj", "{17FA9732-E316-48D3-A04D-67956C4FB647}"
EndProject
Project("{9A19103F-16F7-4668-BE54-9A1E7A4F7556}") = "REALWorks.ReportingServices", "REALWorks.ReportingServices\REALWorks.ReportingServices.csproj", "{2EBC328D-B70C-46B3-8080-044CBDF78BFA}"
EndProject
Project("{2150E333-8FDC-42A3-9474-1A3956D46DE8}") = "REALWorks.Reporting", "REALWorks.Reporting", "{73603524-0D15-4D38-AD9C-5821F93CA340}"
EndProject
Project("{9A19103F-16F7-4668-BE54-9A1E7A4F7556}") = "REALWorks.ReportingCore", "REALWorks.ReportingCore\REALWorks.ReportingCore.csproj", "{CE309386-0846-4493-9716-A04E11C5E12B}"
EndProject
Project("{9A19103F-16F7-4668-BE54-9A1E7A4F7556}") = "REALWorks.ReportingData", "REALWorks.ReportingData\REALWorks.ReportingData.csproj", "{74F39F9B-9098-4FA3-B7ED-72BF437912C3}"
EndProject
Project("{9A19103F-16F7-4668-BE54-9A1E7A4F7556}") = "REALWorks.InfrastructureServer", "REALWorks.InfrastructureServer\REALWorks.InfrastructureServer.csproj", "{56B613F2-E645-403A-ADD2-4A0FBCC9138A}"
EndProject
Project("{9A19103F-16F7-4668-BE54-9A1E7A4F7556}") = "REALWorks.LoggingService", "REALWorks.LoggingService\REALWorks.LoggingService.csproj", "{1F32F56E-BB16-45BC-B24E-05F28AAB5318}"
EndProject
Project("{FAE04EC0-301F-11D3-BF4B-00C04F79EFBC}") = "REALWorks.NotificationService", "REALWorks.NotificationService\REALWorks.NotificationService.csproj", "{44595BF4-C994-472C-B01C-67380C8DFDBC}"
EndProject
Global
	GlobalSection(SolutionConfigurationPlatforms) = preSolution
		Debug|Any CPU = Debug|Any CPU
		Release|Any CPU = Release|Any CPU
	EndGlobalSection
	GlobalSection(ProjectConfigurationPlatforms) = postSolution
		{7690F51B-916B-4E85-9A37-5FD9ECE8892F}.Debug|Any CPU.ActiveCfg = Debug|Any CPU
		{7690F51B-916B-4E85-9A37-5FD9ECE8892F}.Debug|Any CPU.Build.0 = Debug|Any CPU
		{7690F51B-916B-4E85-9A37-5FD9ECE8892F}.Release|Any CPU.ActiveCfg = Release|Any CPU
		{7690F51B-916B-4E85-9A37-5FD9ECE8892F}.Release|Any CPU.Build.0 = Release|Any CPU
		{F480A0BF-8210-4211-B5D7-76CE97534128}.Debug|Any CPU.ActiveCfg = Debug|Any CPU
		{F480A0BF-8210-4211-B5D7-76CE97534128}.Debug|Any CPU.Build.0 = Debug|Any CPU
		{F480A0BF-8210-4211-B5D7-76CE97534128}.Release|Any CPU.ActiveCfg = Release|Any CPU
		{F480A0BF-8210-4211-B5D7-76CE97534128}.Release|Any CPU.Build.0 = Release|Any CPU
		{EFABE1A6-68E7-4D77-876A-084717E434A9}.Debug|Any CPU.ActiveCfg = Debug|Any CPU
		{EFABE1A6-68E7-4D77-876A-084717E434A9}.Debug|Any CPU.Build.0 = Debug|Any CPU
		{EFABE1A6-68E7-4D77-876A-084717E434A9}.Release|Any CPU.ActiveCfg = Release|Any CPU
		{EFABE1A6-68E7-4D77-876A-084717E434A9}.Release|Any CPU.Build.0 = Release|Any CPU
		{4782CF8E-681A-4A7A-AC10-15D09D9A72D3}.Debug|Any CPU.ActiveCfg = Debug|Any CPU
		{4782CF8E-681A-4A7A-AC10-15D09D9A72D3}.Debug|Any CPU.Build.0 = Debug|Any CPU
		{4782CF8E-681A-4A7A-AC10-15D09D9A72D3}.Release|Any CPU.ActiveCfg = Release|Any CPU
		{4782CF8E-681A-4A7A-AC10-15D09D9A72D3}.Release|Any CPU.Build.0 = Release|Any CPU
		{85AE3CF3-D6C4-438C-B59A-B36AC3A0105F}.Debug|Any CPU.ActiveCfg = Debug|Any CPU
		{85AE3CF3-D6C4-438C-B59A-B36AC3A0105F}.Debug|Any CPU.Build.0 = Debug|Any CPU
		{85AE3CF3-D6C4-438C-B59A-B36AC3A0105F}.Release|Any CPU.ActiveCfg = Release|Any CPU
		{85AE3CF3-D6C4-438C-B59A-B36AC3A0105F}.Release|Any CPU.Build.0 = Release|Any CPU
		{DBA327DC-ECDD-492F-8CEF-480779ACFD3F}.Debug|Any CPU.ActiveCfg = Debug|Any CPU
		{DBA327DC-ECDD-492F-8CEF-480779ACFD3F}.Debug|Any CPU.Build.0 = Debug|Any CPU
		{DBA327DC-ECDD-492F-8CEF-480779ACFD3F}.Release|Any CPU.ActiveCfg = Release|Any CPU
		{DBA327DC-ECDD-492F-8CEF-480779ACFD3F}.Release|Any CPU.Build.0 = Release|Any CPU
		{F55A39C0-8E16-487D-9D16-F4B67CAA6443}.Debug|Any CPU.ActiveCfg = Debug|Any CPU
		{F55A39C0-8E16-487D-9D16-F4B67CAA6443}.Debug|Any CPU.Build.0 = Debug|Any CPU
		{F55A39C0-8E16-487D-9D16-F4B67CAA6443}.Release|Any CPU.ActiveCfg = Release|Any CPU
		{F55A39C0-8E16-487D-9D16-F4B67CAA6443}.Release|Any CPU.Build.0 = Release|Any CPU
		{74319A38-478E-4968-A21A-637A0740582A}.Debug|Any CPU.ActiveCfg = Debug|Any CPU
		{74319A38-478E-4968-A21A-637A0740582A}.Debug|Any CPU.Build.0 = Debug|Any CPU
		{74319A38-478E-4968-A21A-637A0740582A}.Release|Any CPU.ActiveCfg = Release|Any CPU
		{74319A38-478E-4968-A21A-637A0740582A}.Release|Any CPU.Build.0 = Release|Any CPU
		{3B2AE3E2-312A-4927-A052-25AB3B401BD7}.Debug|Any CPU.ActiveCfg = Debug|Any CPU
		{3B2AE3E2-312A-4927-A052-25AB3B401BD7}.Debug|Any CPU.Build.0 = Debug|Any CPU
		{3B2AE3E2-312A-4927-A052-25AB3B401BD7}.Release|Any CPU.ActiveCfg = Release|Any CPU
		{3B2AE3E2-312A-4927-A052-25AB3B401BD7}.Release|Any CPU.Build.0 = Release|Any CPU
		{3AE7404B-E7D0-40B5-9C18-54A3D8038CBD}.Debug|Any CPU.ActiveCfg = Debug|Any CPU
		{3AE7404B-E7D0-40B5-9C18-54A3D8038CBD}.Debug|Any CPU.Build.0 = Debug|Any CPU
		{3AE7404B-E7D0-40B5-9C18-54A3D8038CBD}.Release|Any CPU.ActiveCfg = Release|Any CPU
		{3AE7404B-E7D0-40B5-9C18-54A3D8038CBD}.Release|Any CPU.Build.0 = Release|Any CPU
		{F7676026-EC48-4FBD-B94C-ADE29792DABC}.Debug|Any CPU.ActiveCfg = Debug|Any CPU
		{F7676026-EC48-4FBD-B94C-ADE29792DABC}.Debug|Any CPU.Build.0 = Debug|Any CPU
		{F7676026-EC48-4FBD-B94C-ADE29792DABC}.Release|Any CPU.ActiveCfg = Release|Any CPU
		{F7676026-EC48-4FBD-B94C-ADE29792DABC}.Release|Any CPU.Build.0 = Release|Any CPU
		{F56F9EA7-7259-45E8-8B5D-14EBC27994F7}.Debug|Any CPU.ActiveCfg = Debug|Any CPU
		{F56F9EA7-7259-45E8-8B5D-14EBC27994F7}.Debug|Any CPU.Build.0 = Debug|Any CPU
		{F56F9EA7-7259-45E8-8B5D-14EBC27994F7}.Release|Any CPU.ActiveCfg = Release|Any CPU
		{F56F9EA7-7259-45E8-8B5D-14EBC27994F7}.Release|Any CPU.Build.0 = Release|Any CPU
		{17FA9732-E316-48D3-A04D-67956C4FB647}.Debug|Any CPU.ActiveCfg = Debug|Any CPU
		{17FA9732-E316-48D3-A04D-67956C4FB647}.Debug|Any CPU.Build.0 = Debug|Any CPU
		{17FA9732-E316-48D3-A04D-67956C4FB647}.Release|Any CPU.ActiveCfg = Release|Any CPU
		{17FA9732-E316-48D3-A04D-67956C4FB647}.Release|Any CPU.Build.0 = Release|Any CPU
		{2EBC328D-B70C-46B3-8080-044CBDF78BFA}.Debug|Any CPU.ActiveCfg = Debug|Any CPU
		{2EBC328D-B70C-46B3-8080-044CBDF78BFA}.Debug|Any CPU.Build.0 = Debug|Any CPU
		{2EBC328D-B70C-46B3-8080-044CBDF78BFA}.Release|Any CPU.ActiveCfg = Release|Any CPU
		{2EBC328D-B70C-46B3-8080-044CBDF78BFA}.Release|Any CPU.Build.0 = Release|Any CPU
		{CE309386-0846-4493-9716-A04E11C5E12B}.Debug|Any CPU.ActiveCfg = Debug|Any CPU
		{CE309386-0846-4493-9716-A04E11C5E12B}.Debug|Any CPU.Build.0 = Debug|Any CPU
		{CE309386-0846-4493-9716-A04E11C5E12B}.Release|Any CPU.ActiveCfg = Release|Any CPU
		{CE309386-0846-4493-9716-A04E11C5E12B}.Release|Any CPU.Build.0 = Release|Any CPU
		{74F39F9B-9098-4FA3-B7ED-72BF437912C3}.Debug|Any CPU.ActiveCfg = Debug|Any CPU
		{74F39F9B-9098-4FA3-B7ED-72BF437912C3}.Debug|Any CPU.Build.0 = Debug|Any CPU
		{74F39F9B-9098-4FA3-B7ED-72BF437912C3}.Release|Any CPU.ActiveCfg = Release|Any CPU
		{74F39F9B-9098-4FA3-B7ED-72BF437912C3}.Release|Any CPU.Build.0 = Release|Any CPU
		{56B613F2-E645-403A-ADD2-4A0FBCC9138A}.Debug|Any CPU.ActiveCfg = Debug|Any CPU
		{56B613F2-E645-403A-ADD2-4A0FBCC9138A}.Debug|Any CPU.Build.0 = Debug|Any CPU
		{56B613F2-E645-403A-ADD2-4A0FBCC9138A}.Release|Any CPU.ActiveCfg = Release|Any CPU
		{56B613F2-E645-403A-ADD2-4A0FBCC9138A}.Release|Any CPU.Build.0 = Release|Any CPU
		{1F32F56E-BB16-45BC-B24E-05F28AAB5318}.Debug|Any CPU.ActiveCfg = Debug|Any CPU
		{1F32F56E-BB16-45BC-B24E-05F28AAB5318}.Debug|Any CPU.Build.0 = Debug|Any CPU
		{1F32F56E-BB16-45BC-B24E-05F28AAB5318}.Release|Any CPU.ActiveCfg = Release|Any CPU
		{1F32F56E-BB16-45BC-B24E-05F28AAB5318}.Release|Any CPU.Build.0 = Release|Any CPU
		{44595BF4-C994-472C-B01C-67380C8DFDBC}.Debug|Any CPU.ActiveCfg = Debug|Any CPU
		{44595BF4-C994-472C-B01C-67380C8DFDBC}.Debug|Any CPU.Build.0 = Debug|Any CPU
		{44595BF4-C994-472C-B01C-67380C8DFDBC}.Release|Any CPU.ActiveCfg = Release|Any CPU
		{44595BF4-C994-472C-B01C-67380C8DFDBC}.Release|Any CPU.Build.0 = Release|Any CPU
	EndGlobalSection
	GlobalSection(SolutionProperties) = preSolution
		HideSolutionNode = FALSE
	EndGlobalSection
	GlobalSection(NestedProjects) = preSolution
		{F480A0BF-8210-4211-B5D7-76CE97534128} = {4CD78CCB-566C-406E-AD5B-62E8A9F50334}
		{EFABE1A6-68E7-4D77-876A-084717E434A9} = {4CD78CCB-566C-406E-AD5B-62E8A9F50334}
		{4782CF8E-681A-4A7A-AC10-15D09D9A72D3} = {4CD78CCB-566C-406E-AD5B-62E8A9F50334}
		{85AE3CF3-D6C4-438C-B59A-B36AC3A0105F} = {1A851DB6-5360-463F-809D-F6ADF22FA3C3}
		{DBA327DC-ECDD-492F-8CEF-480779ACFD3F} = {2BCAB5F3-E84A-490E-B825-76E8CD6E5E53}
		{F55A39C0-8E16-487D-9D16-F4B67CAA6443} = {2BCAB5F3-E84A-490E-B825-76E8CD6E5E53}
		{74319A38-478E-4968-A21A-637A0740582A} = {2BCAB5F3-E84A-490E-B825-76E8CD6E5E53}
		{3B2AE3E2-312A-4927-A052-25AB3B401BD7} = {54161048-7E1F-4169-91B8-FC7878207AA9}
		{3AE7404B-E7D0-40B5-9C18-54A3D8038CBD} = {54161048-7E1F-4169-91B8-FC7878207AA9}
		{F7676026-EC48-4FBD-B94C-ADE29792DABC} = {54161048-7E1F-4169-91B8-FC7878207AA9}
		{F56F9EA7-7259-45E8-8B5D-14EBC27994F7} = {1A851DB6-5360-463F-809D-F6ADF22FA3C3}
		{17FA9732-E316-48D3-A04D-67956C4FB647} = {1A851DB6-5360-463F-809D-F6ADF22FA3C3}
		{2EBC328D-B70C-46B3-8080-044CBDF78BFA} = {73603524-0D15-4D38-AD9C-5821F93CA340}
		{CE309386-0846-4493-9716-A04E11C5E12B} = {73603524-0D15-4D38-AD9C-5821F93CA340}
		{74F39F9B-9098-4FA3-B7ED-72BF437912C3} = {73603524-0D15-4D38-AD9C-5821F93CA340}
		{56B613F2-E645-403A-ADD2-4A0FBCC9138A} = {1A851DB6-5360-463F-809D-F6ADF22FA3C3}
		{1F32F56E-BB16-45BC-B24E-05F28AAB5318} = {1A851DB6-5360-463F-809D-F6ADF22FA3C3}
		{44595BF4-C994-472C-B01C-67380C8DFDBC} = {1A851DB6-5360-463F-809D-F6ADF22FA3C3}
	EndGlobalSection
	GlobalSection(ExtensibilityGlobals) = postSolution
		SolutionGuid = {88B7F9AF-B09B-4DDE-813D-35EF9707B15F}
	EndGlobalSection
EndGlobal
